{
  "name": "e-letter",
  "lockfileVersion": 2,
  "requires": true,
  "packages": {
    "": {
      "dependencies": {
        "nepali-date-picker": "^2.0.1"
      }
    },
    "node_modules/jquery": {
      "version": "3.5.1",
      "resolved": "https://registry.npmjs.org/jquery/-/jquery-3.5.1.tgz",
      "integrity": "sha512-XwIBPqcMn57FxfT+Go5pzySnm4KWkT1Tv7gjrpT1srtf8Weynl6R273VJ5GjkRb51IzMp5nbaPjJXMWeju2MKg=="
    },
    "node_modules/nepali-date-picker": {
      "version": "2.0.1",
      "resolved": "https://registry.npmjs.org/nepali-date-picker/-/nepali-date-picker-2.0.1.tgz",
      "integrity": "sha1-sVDyV502LM08enJDP/CYYomhKwY=",
      "dependencies": {
        "jquery": ">= 1.11.1"
      }
    }
  },
  "dependencies": {
    "jquery": {
      "version": "3.5.1",
      "resolved": "https://registry.npmjs.org/jquery/-/jquery-3.5.1.tgz",
      "integrity": "sha512-XwIBPqcMn57FxfT+Go5pzySnm4KWkT1Tv7gjrpT1srtf8Weynl6R273VJ5GjkRb51IzMp5nbaPjJXMWeju2MKg=="
    },
    "nepali-date-picker": {
      "version": "2.0.1",
      "resolved": "https://registry.npmjs.org/nepali-date-picker/-/nepali-date-picker-2.0.1.tgz",
      "integrity": "sha1-sVDyV502LM08enJDP/CYYomhKwY=",
      "requires": {
        "jquery": ">= 1.11.1"
      }
    }
  }
}
